github.com/SERV4BIZ/gfp v0.0.0-20210302062410-766954048867 h1:+A5jmE9bJOfJGxWrNS4kq+/Ndu9OcnagbB9f7Wh1uQY=
github.com/SERV4BIZ/gfp v0.0.0-20210302062410-766954048867/go.mod h1:Sklm0qfnXK8wixjgHrzp7bv6Ju9ey9MOksQbdSgM3sU=
github.com/SERV4BIZ/gfp/collection v0.0.0-20210302062410-766954048867 h1:06pFg2A36nC1GDXQR8Ercs7hbhHpOjzNHNuJwbKNQg4=
github.com/SERV4BIZ/gfp/collection v0.0.0-20210302062410-766954048867/go.mod h1:q5gv++CP8OOYitARxvTn7w78B5KSdsRbfZNJP5hukVk=
github.com/SERV4BIZ/gfp/files v0.0.0-20210302061413-22d8c15af3fd/go.mod h1:ZDFxg0rNOeNT/uGGvG2YQ395F6x9yQd5rV6RR0Rjkfg=
github.com/SERV4BIZ/gfp/files v0.0.0-20210302062410-766954048867 h1:Ii4MxMkvoTYKisDFEjSSbiZXFPuzkapZMo5HkNBwTTQ=
github.com/SERV4BIZ/gfp/files v0.0.0-20210302062410-766954048867/go.mod h1:ZDFxg0rNOeNT/uGGvG2YQ395F6x9yQd5rV6RR0Rjkfg=
github.com/SERV4BIZ/gfp/hash v0.0.0-20210302062410-766954048867 h1:JqFWAfW+tUhwfe22phHTEHVz67UOqRYgRC/tkgPA/QM=
github.com/SERV4BIZ/gfp/hash v0.0.0-20210302062410-766954048867/go.mod h1:M7WHQ52vy1mnQxDdrJkuealVxHcgKDHqAoBsJwmjt00=
github.com/SERV4BIZ/gfp/jsons v0.0.0-20210302062410-766954048867 h1:JCbjyrFOcIkVlkoSoq/P1tdh/gPkPy2U7tVcnBySck8=
github.com/SERV4BIZ/gfp/jsons v0.0.0-20210302062410-766954048867/go.mod h1:3tIMUd3nUCI3CD15dkNb1FiiCrEPjdRHoIcafHyMkNc=
github.com/SERV4BIZ/letgo v0.0.0-20210313074821-431a5878808f/go.mod h1:p7lmsOPzMRmz4B9QsfjCwT92AMzXtge8xyy31xsbsMY=
github.com/SERV4BIZ/letgo/apis/networks v0.0.0-20210313074821-431a5878808f h1:FIUgiCcZ2A7VWFC/G8xT82Fqcm0eLSs1i4pa8gNQ3cI=
github.com/SERV4BIZ/letgo/apis/networks v0.0.0-20210313074821-431a5878808f/go.mod h1:LLm3jSI/DbEt8dPm0v1wSwB7hNWiVxYkfR+kz63RLEA=
github.com/SERV4BIZ/letgo/apis/networks v0.0.0-20210313170658-6549b6bb41b6 h1:ON4gZ2CpY/ldVjy4iEGajqe9LJwcfx1AW5mZpooItmA=
github.com/SERV4BIZ/letgo/apis/networks v0.0.0-20210313170658-6549b6bb41b6/go.mod h1:g4YhHUgWUrds9MHge88sbLJ276PP8sPaw+VwjfUfjmU=
github.com/SERV4BIZ/letgo/letgoapp v0.0.0-20210313074821-431a5878808f h1:5GopcSDdBCkIrUS53n5q13D87pToFpz4OxJHL971Gd4=
github.com/SERV4BIZ/letgo/letgoapp v0.0.0-20210313074821-431a5878808f/go.mod h1:VasUQ5zATgE1xxo+tKjBdZ7RmBX1J0ENxcI+arr0dbo=
github.com/SERV4BIZ/letgo/letgoapp v0.0.0-20210313170658-6549b6bb41b6 h1:JjXtNxr0OypecOsKKf9DnJbie8ewSUjaf62vHWNXG0M=
github.com/SERV4BIZ/letgo/letgoapp v0.0.0-20210313170658-6549b6bb41b6/go.mod h1:VasUQ5zATgE1xxo+tKjBdZ7RmBX1J0ENxcI+arr0dbo=
github.com/SERV4BIZ/letgo/utility v0.0.0-20210313072454-79bd41fbf684 h1:ml/rG7PbSgx2ddOrerc5ZCc9iBenyuqe8pWhfUJFszg=
github.com/SERV4BIZ/letgo/utility v0.0.0-20210313072454-79bd41fbf684/go.mod h1:zfuCMmj7IsWRCMmCUN4RgU9EFP4ink1erhyHVofHLUA=
github.com/SERV4BIZ/letgo/utility v0.0.0-20210313170658-6549b6bb41b6 h1:RNM9GnFEyp9lkSDq6fWvsTi6TwhpXXz2bh7IUvCJYOc=
github.com/SERV4BIZ/letgo/utility v0.0.0-20210313170658-6549b6bb41b6/go.mod h1:zfuCMmj7IsWRCMmCUN4RgU9EFP4ink1erhyHVofHLUA=
github.com/google/uuid v1.2.0 h1:qJYtXnJRWmpe7m/3XlyhrsLrEURqHRM2kxzoxXqyUDs=
github.com/google/uuid v1.2.0/go.mod h1:TIyPZe4MgqvfeYDBFedMoGGpEw/LqOeaOT+nhxU+yHo=
github.com/tdewolff/minify v2.3.6+incompatible h1:2hw5/9ZvxhWLvBUnHE06gElGYz+Jv9R4Eys0XUzItYo=
github.com/tdewolff/minify v2.3.6+incompatible/go.mod h1:9Ov578KJUmAWpS6NeZwRZyT56Uf6o3Mcz9CEsg8USYs=
github.com/tdewolff/parse v2.3.4+incompatible h1:x05/cnGwIMf4ceLuDMBOdQ1qGniMoxpP46ghf0Qzh38=
github.com/tdewolff/parse v2.3.4+incompatible/go.mod h1:8oBwCsVmUkgHO8M5iCzSIDtpzXOT0WXX9cWhz+bIzJQ=
github.com/tdewolff/test v1.0.6 h1:76mzYJQ83Op284kMT+63iCNCI7NEERsIN8dLM+RiKr4=
github.com/tdewolff/test v1.0.6/go.mod h1:6DAvZliBAAnD7rhVgwaM7DE5/d9NMOAJ09SqYqeK4QE=
